
Microsoft Visual Studio Solution File, Format Version 12.00
# Visual Studio Version 17
VisualStudioVersion = 17.11.35222.181
MinimumVisualStudioVersion = 10.0.40219.1
Project("{FAE04EC0-301F-11D3-BF4B-00C04F79EFBC}") = "ApiPersonajesRM.Server", "ApiPersonajesRM\Server\ApiPersonajesRM.Server.csproj", "{D55BCC39-A373-420D-8B51-B28A2EBFE2D7}"
EndProject
Project("{FAE04EC0-301F-11D3-BF4B-00C04F79EFBC}") = "ApiPersonajesRM.Client", "ApiPersonajesRM\Client\ApiPersonajesRM.Client.csproj", "{1D0DD41D-1C04-49E4-9657-E94A7ABDD225}"
EndProject
Project("{FAE04EC0-301F-11D3-BF4B-00C04F79EFBC}") = "ApiPersonajesRM.Shared", "ApiPersonajesRM\Shared\ApiPersonajesRM.Shared.csproj", "{25DBC084-2834-4B63-96C4-AEB76E221887}"
EndProject
Global
	GlobalSection(SolutionConfigurationPlatforms) = preSolution
		Debug|Any CPU = Debug|Any CPU
		Release|Any CPU = Release|Any CPU
	EndGlobalSection
	GlobalSection(ProjectConfigurationPlatforms) = postSolution
		{D55BCC39-A373-420D-8B51-B28A2EBFE2D7}.Debug|Any CPU.ActiveCfg = Debug|Any CPU
		{D55BCC39-A373-420D-8B51-B28A2EBFE2D7}.Debug|Any CPU.Build.0 = Debug|Any CPU
		{D55BCC39-A373-420D-8B51-B28A2EBFE2D7}.Release|Any CPU.ActiveCfg = Release|Any CPU
		{D55BCC39-A373-420D-8B51-B28A2EBFE2D7}.Release|Any CPU.Build.0 = Release|Any CPU
		{1D0DD41D-1C04-49E4-9657-E94A7ABDD225}.Debug|Any CPU.ActiveCfg = Debug|Any CPU
		{1D0DD41D-1C04-49E4-9657-E94A7ABDD225}.Debug|Any CPU.Build.0 = Debug|Any CPU
		{1D0DD41D-1C04-49E4-9657-E94A7ABDD225}.Release|Any CPU.ActiveCfg = Release|Any CPU
		{1D0DD41D-1C04-49E4-9657-E94A7ABDD225}.Release|Any CPU.Build.0 = Release|Any CPU
		{25DBC084-2834-4B63-96C4-AEB76E221887}.Debug|Any CPU.ActiveCfg = Debug|Any CPU
		{25DBC084-2834-4B63-96C4-AEB76E221887}.Debug|Any CPU.Build.0 = Debug|Any CPU
		{25DBC084-2834-4B63-96C4-AEB76E221887}.Release|Any CPU.ActiveCfg = Release|Any CPU
		{25DBC084-2834-4B63-96C4-AEB76E221887}.Release|Any CPU.Build.0 = Release|Any CPU
	EndGlobalSection
	GlobalSection(SolutionProperties) = preSolution
		HideSolutionNode = FALSE
	EndGlobalSection
	GlobalSection(ExtensibilityGlobals) = postSolution
		SolutionGuid = {2ED6B626-B18E-4D12-BF0E-233E1BBC5A63}
	EndGlobalSection
EndGlobal
